// !$*UTF8*$!
{
	archiveVersion = 1;
	classes = {
	};
	objectVersion = 48;
	objects = {

/* Begin PBXBuildFile section */
		AEA1545D207238D400E3A917 /* AppDelegate.swift in Sources */ = {isa = PBXBuildFile; fileRef = AEA1545C207238D400E3A917 /* AppDelegate.swift */; };
		AEA1545F207238D400E3A917 /* ViewController.swift in Sources */ = {isa = PBXBuildFile; fileRef = AEA1545E207238D400E3A917 /* ViewController.swift */; };
		AEA15462207238D400E3A917 /* Main.storyboard in Resources */ = {isa = PBXBuildFile; fileRef = AEA15460207238D400E3A917 /* Main.storyboard */; };
		AEA15464207238D400E3A917 /* Assets.xcassets in Resources */ = {isa = PBXBuildFile; fileRef = AEA15463207238D400E3A917 /* Assets.xcassets */; };
		AEA15467207238D400E3A917 /* LaunchScreen.storyboard in Resources */ = {isa = PBXBuildFile; fileRef = AEA15465207238D400E3A917 /* LaunchScreen.storyboard */; };
		AEA1546F2072393400E3A917 /* MenuView.xib in Resources */ = {isa = PBXBuildFile; fileRef = AEA1546E2072393400E3A917 /* MenuView.xib */; };
		AEA154712072409500E3A917 /* LanchMenuView.swift in Sources */ = {isa = PBXBuildFile; fileRef = AEA154702072409500E3A917 /* LanchMenuView.swift */; };
/* End PBXBuildFile section */

/* Begin PBXFileReference section */
		AEA15459207238D400E3A917 /* RestaurantMenu.app */ = {isa = PBXFileReference; explicitFileType = wrapper.application; includeInIndex = 0; path = RestaurantMenu.app; sourceTree = BUILT_PRODUCTS_DIR; };
		AEA1545C207238D400E3A917 /* AppDelegate.swift */ = {isa = PBXFileReference; lastKnownFileType = sourcecode.swift; path = AppDelegate.swift; sourceTree = "<group>"; };
		AEA1545E207238D400E3A917 /* ViewController.swift */ = {isa = PBXFileReference; lastKnownFileType = sourcecode.swift; path = ViewController.swift; sourceTree = "<group>"; };
		AEA15461207238D400E3A917 /* Base */ = {isa = PBXFileReference; lastKnownFileType = file.storyboard; name = Base; path = Base.lproj/Main.storyboard; sourceTree = "<group>"; };
		AEA15463207238D400E3A917 /* Assets.xcassets */ = {isa = PBXFileReference; lastKnownFileType = folder.assetcatalog; path = Assets.xcassets; sourceTree = "<group>"; };
		AEA15466207238D400E3A917 /* Base */ = {isa = PBXFileReference; lastKnownFileType = file.storyboard; name = Base; path = Base.lproj/LaunchScreen.storyboard; sourceTree = "<group>"; };
		AEA15468207238D400E3A917 /* Info.plist */ = {isa = PBXFileReference; lastKnownFileType = text.plist.xml; path = Info.plist; sourceTree = "<group>"; };
		AEA1546E2072393400E3A917 /* MenuView.xib */ = {isa = PBXFileReference; lastKnownFileType = file.xib; path = MenuView.xib; sourceTree = "<group>"; };
		AEA154702072409500E3A917 /* LanchMenuView.swift */ = {isa = PBXFileReference; lastKnownFileType = sourcecode.swift; path = LanchMenuView.swift; sourceTree = "<group>"; };
/* End PBXFileReference section */

/* Begin PBXFrameworksBuildPhase section */
		AEA15456207238D400E3A917 /* Frameworks */ = {
			isa = PBXFrameworksBuildPhase;
			buildActionMask = 2147483647;
			files = (
			);
			runOnlyForDeploymentPostprocessing = 0;
		};
/* End PBXFrameworksBuildPhase section */

/* Begin PBXGroup section */
		AEA15450207238D400E3A917 = {
			isa = PBXGroup;
			children = (
				AEA1545B207238D400E3A917 /* RestaurantMenu */,
				AEA1545A207238D400E3A917 /* Products */,
			);
			sourceTree = "<group>";
		};
		AEA1545A207238D400E3A917 /* Products */ = {
			isa = PBXGroup;
			children = (
				AEA15459207238D400E3A917 /* RestaurantMenu.app */,
			);
			name = Products;
			sourceTree = "<group>";
		};
		AEA1545B207238D400E3A917 /* RestaurantMenu */ = {
			isa = PBXGroup;
			children = (
				AEA1545C207238D400E3A917 /* AppDelegate.swift */,
				AEA1545E207238D400E3A917 /* ViewController.swift */,
				AEA15460207238D400E3A917 /* Main.storyboard */,
				AEA1546E2072393400E3A917 /* MenuView.xib */,
				AEA15463207238D400E3A917 /* Assets.xcassets */,
				AEA15465207238D400E3A917 /* LaunchScreen.storyboard */,
				AEA15468207238D400E3A917 /* Info.plist */,
				AEA154702072409500E3A917 /* LanchMenuView.swift */,
			);
			path = RestaurantMenu;
			sourceTree = "<group>";
		};
/* End PBXGroup section */

/* Begin PBXNativeTarget section */
		AEA15458207238D400E3A917 /* RestaurantMenu */ = {
			isa = PBXNativeTarget;
			buildConfigurationList = AEA1546B207238D400E3A917 /* Build configuration list for PBXNativeTarget "RestaurantMenu" */;
			buildPhases = (
				AEA15455207238D400E3A917 /* Sources */,
				AEA15456207238D400E3A917 /* Frameworks */,
				AEA15457207238D400E3A917 /* Resources */,
			);
			buildRules = (
			);
			dependencies = (
			);
			name = RestaurantMenu;
			productName = RestaurantMenu;
			productReference = AEA15459207238D400E3A917 /* RestaurantMenu.app */;
			productType = "com.apple.product-type.application";
		};
/* End PBXNativeTarget section */

/* Begin PBXProject section */
		AEA15451207238D400E3A917 /* Project object */ = {
			isa = PBXProject;
			attributes = {
				LastSwiftUpdateCheck = 0920;
				LastUpgradeCheck = 0920;
				ORGANIZATIONNAME = ikajava;
				TargetAttributes = {
					AEA15458207238D400E3A917 = {
						CreatedOnToolsVersion = 9.2;
						ProvisioningStyle = Automatic;
					};
				};
			};
			buildConfigurationList = AEA15454207238D400E3A917 /* Build configuration list for PBXProject "RestaurantMenu" */;
			compatibilityVersion = "Xcode 8.0";
			developmentRegion = en;
			hasScannedForEncodings = 0;
			knownRegions = (
				en,
				Base,
			);
			mainGroup = AEA15450207238D400E3A917;
			productRefGroup = AEA1545A207238D400E3A917 /* Products */;
			projectDirPath = "";
			projectRoot = "";
			targets = (
				AEA15458207238D400E3A917 /* RestaurantMenu */,
			);
		};
/* End PBXProject section */

/* Begin PBXResourcesBuildPhase section */
		AEA15457207238D400E3A917 /* Resources */ = {
			isa = PBXResourcesBuildPhase;
			buildActionMask = 2147483647;
			files = (
				AEA15467207238D400E3A917 /* LaunchScreen.storyboard in Resources */,
				AEA1546F2072393400E3A917 /* MenuView.xib in Resources */,
				AEA15464207238D400E3A917 /* Assets.xcassets in Resources */,
				AEA15462207238D400E3A917 /* Main.storyboard in Resources */,
			);
			runOnlyForDeploymentPostprocessing = 0;
		};
/* End PBXResourcesBuildPhase section */

/* Begin PBXSourcesBuildPhase section */
		AEA15455207238D400E3A917 /* Sources */ = {
			isa = PBXSourcesBuildPhase;
			buildActionMask = 2147483647;
			files = (
				AEA1545F207238D400E3A917 /* ViewController.swift in Sources */,
				AEA154712072409500E3A917 /* LanchMenuView.swift in Sources */,
				AEA1545D207238D400E3A917 /* AppDelegate.swift in Sources */,
			);
			runOnlyForDeploymentPostprocessing = 0;
		};
/* End PBXSourcesBuildPhase section */

/* Begin PBXVariantGroup section */
		AEA15460207238D400E3A917 /* Main.storyboard */ = {
			isa = PBXVariantGroup;
			children = (
				AEA15461207238D400E3A917 /* Base */,
			);
			name = Main.storyboard;
			sourceTree = "<group>";
		};
		AEA15465207238D400E3A917 /* LaunchScreen.storyboard */ = {
			isa = PBXVariantGroup;
			children = (
				AEA15466207238D400E3A917 /* Base */,
			);
			name = LaunchScreen.storyboard;
			sourceTree = "<group>";
		};
/* End PBXVariantGroup section */

/* Begin XCBuildConfiguration section */
		AEA15469207238D400E3A917 /* Debug */ = {
			isa = XCBuildConfiguration;
			buildSettings = {
				ALWAYS_SEARCH_USER_PATHS = NO;
				CLANG_ANALYZER_NONNULL = YES;
				CLANG_ANALYZER_NUMBER_OBJECT_CONVERSION = YES_AGGRESSIVE;
				CLANG_CXX_LANGUAGE_STANDARD = "gnu++14";
				CLANG_CXX_LIBRARY = "libc++";
				CLANG_ENABLE_MODULES = YES;
				CLANG_ENABLE_OBJC_ARC = YES;
				CLANG_WARN_BLOCK_CAPTURE_AUTORELEASING = YES;
				CLANG_WARN_BOOL_CONVERSION = YES;
				CLANG_WARN_COMMA = YES;
				CLANG_WARN_CONSTANT_CONVERSION = YES;
				CLANG_WARN_DIRECT_OBJC_ISA_USAGE = YES_ERROR;
				CLANG_WARN_DOCUMENTATION_COMMENTS = YES;
				CLANG_WARN_EMPTY_BODY = YES;
				CLANG_WARN_ENUM_CONVERSION = YES;
				CLANG_WARN_INFINITE_RECURSION = YES;
				CLANG_WARN_INT_CONVERSION = YES;
				CLANG_WARN_NON_LITERAL_NULL_CONVERSION = YES;
				CLANG_WARN_OBJC_LITERAL_CONVERSION = YES;
				CLANG_WARN_OBJC_ROOT_CLASS = YES_ERROR;
				CLANG_WARN_RANGE_LOOP_ANALYSIS = YES;
				CLANG_WARN_STRICT_PROTOTYPES = YES;
				CLANG_WARN_SUSPICIOUS_MOVE = YES;
				CLANG_WARN_UNGUARDED_AVAILABILITY = YES_AGGRESSIVE;
				CLANG_WARN_UNREACHABLE_CODE = YES;
				CLANG_WARN__DUPLICATE_METHOD_MATCH = YES;
				CODE_SIGN_IDENTITY = "iPhone Developer";
				COPY_PHASE_STRIP = NO;
				DEBUG_INFORMATION_FORMAT = dwarf;
				ENABLE_STRICT_OBJC_MSGSEND = YES;
				ENABLE_TESTABILITY = YES;
				GCC_C_LANGUAGE_STANDARD = gnu11;
				GCC_DYNAMIC_NO_PIC = NO;
				GCC_NO_COMMON_BLOCKS = YES;
				GCC_OPTIMIZATION_LEVEL = 0;
				GCC_PREPROCESSOR_DEFINITIONS = (
					"DEBUG=1",
					"$(inherited)",
				);
				GCC_WARN_64_TO_32_BIT_CONVERSION = YES;
				GCC_WARN_ABOUT_RETURN_TYPE = YES_ERROR;
				GCC_WARN_UNDECLARED_SELECTOR = YES;
				GCC_WARN_UNINITIALIZED_AUTOS = YES_AGGRESSIVE;
				GCC_WARN_UNUSED_FUNCTION = YES;
				GCC_WARN_UNUSED_VARIABLE = YES;
				IPHONEOS_DEPLOYMENT_TARGET = 11.2;
				MTL_ENABLE_DEBUG_INFO = YES;
				ONLY_ACTIVE_ARCH = YES;
				SDKROOT = iphoneos;
				SWIFT_ACTIVE_COMPILATION_CONDITIONS = DEBUG;
				SWIFT_OPTIMIZATION_LEVEL = "-Onone";
			};
			name = Debug;
		};
		AEA1546A207238D400E3A917 /* Release */ = {
			isa = XCBuildConfiguration;
			buildSettings = {
				ALWAYS_SEARCH_USER_PATHS = NO;
				CLANG_ANALYZER_NONNULL = YES;
				CLANG_ANALYZER_NUMBER_OBJECT_CONVERSION = YES_AGGRESSIVE;
				CLANG_CXX_LANGUAGE_STANDARD = "gnu++14";
				CLANG_CXX_LIBRARY = "libc++";
				CLANG_ENABLE_MODULES = YES;
				CLANG_ENABLE_OBJC_ARC = YES;
				CLANG_WARN_BLOCK_CAPTURE_AUTORELEASING = YES;
				CLANG_WARN_BOOL_CONVERSION = YES;
				CLANG_WARN_COMMA = YES;
				CLANG_WARN_CONSTANT_CONVERSION = YES;
				CLANG_WARN_DIRECT_OBJC_ISA_USAGE = YES_ERROR;
				CLANG_WARN_DOCUMENTATION_COMMENTS = YES;
				CLANG_WARN_EMPTY_BODY = YES;
				CLANG_WARN_ENUM_CONVERSION = YES;
				CLANG_WARN_INFINITE_RECURSION = YES;
				CLANG_WARN_INT_CONVERSION = YES;
				CLANG_WARN_NON_LITERAL_NULL_CONVERSION = YES;
				CLANG_WARN_OBJC_LITERAL_CONVERSION = YES;
				CLANG_WARN_OBJC_ROOT_CLASS = YES_ERROR;
				CLANG_WARN_RANGE_LOOP_ANALYSIS = YES;
				CLANG_WARN_STRICT_PROTOTYPES = YES;
				CLANG_WARN_SUSPICIOUS_MOVE = YES;
				CLANG_WARN_UNGUARDED_AVAILABILITY = YES_AGGRESSIVE;
				CLANG_WARN_UNREACHABLE_CODE = YES;
				CLANG_WARN__DUPLICATE_METHOD_MATCH = YES;
				CODE_SIGN_IDENTITY = "iPhone Developer";
				COPY_PHASE_STRIP = NO;
				DEBUG_INFORMATION_FORMAT = "dwarf-with-dsym";
				ENABLE_NS_ASSERTIONS = NO;
				ENABLE_STRICT_OBJC_MSGSEND = YES;
				GCC_C_LANGUAGE_STANDARD = gnu11;
				GCC_NO_COMMON_BLOCKS = YES;
				GCC_WARN_64_TO_32_BIT_CONVERSION = YES;
				GCC_WARN_ABOUT_RETURN_TYPE = YES_ERROR;
				GCC_WARN_UNDECLARED_SELECTOR = YES;
				GCC_WARN_UNINITIALIZED_AUTOS = YES_AGGRESSIVE;
				GCC_WARN_UNUSED_FUNCTION = YES;
				GCC_WARN_UNUSED_VARIABLE = YES;
				IPHONEOS_DEPLOYMENT_TARGET = 11.2;
				MTL_ENABLE_DEBUG_INFO = NO;
				SDKROOT = iphoneos;
				SWIFT_OPTIMIZATION_LEVEL = "-Owholemodule";
				VALIDATE_PRODUCT = YES;
			};
			name = Release;
		};
		AEA1546C207238D400E3A917 /* Debug */ = {
			isa = XCBuildConfiguration;
			buildSettings = {
				ASSETCATALOG_COMPILER_APPICON_NAME = AppIcon;
				CODE_SIGN_STYLE = Automatic;
				INFOPLIST_FILE = RestaurantMenu/Info.plist;
				LD_RUNPATH_SEARCH_PATHS = "$(inherited) @executable_path/Frameworks";
				PRODUCT_BUNDLE_IDENTIFIER = com.ikajava.RestaurantMenu;
				PRODUCT_NAME = "$(TARGET_NAME)";
				SWIFT_VERSION = 4.0;
				TARGETED_DEVICE_FAMILY = "1,2";
			};
			name = Debug;
		};
		AEA1546D207238D400E3A917 /* Release */ = {
			isa = XCBuildConfiguration;
			buildSettings = {
				ASSETCATALOG_COMPILER_APPICON_NAME = AppIcon;
				CODE_SIGN_STYLE = Automatic;
				INFOPLIST_FILE = RestaurantMenu/Info.plist;
				LD_RUNPATH_SEARCH_PATHS = "$(inherited) @executable_path/Frameworks";
				PRODUCT_BUNDLE_IDENTIFIER = com.ikajava.RestaurantMenu;
				PRODUCT_NAME = "$(TARGET_NAME)";
				SWIFT_VERSION = 4.0;
				TARGETED_DEVICE_FAMILY = "1,2";
			};
			name = Release;
		};
/* End XCBuildConfiguration section */

/* Begin XCConfigurationList section */
		AEA15454207238D400E3A917 /* Build configuration list for PBXProject "RestaurantMenu" */ = {
			isa = XCConfigurationList;
			buildConfigurations = (
				AEA15469207238D400E3A917 /* Debug */,
				AEA1546A207238D400E3A917 /* Release */,
			);
			defaultConfigurationIsVisible = 0;
			defaultConfigurationName = Release;
		};
		AEA1546B207238D400E3A917 /* Build configuration list for PBXNativeTarget "RestaurantMenu" */ = {
			isa = XCConfigurationList;
			buildConfigurations = (
				AEA1546C207238D400E3A917 /* Debug */,
				AEA1546D207238D400E3A917 /* Release */,
			);
			defaultConfigurationIsVisible = 0;
			defaultConfigurationName = Release;
		};
/* End XCConfigurationList section */
	};
	rootObject = AEA15451207238D400E3A917 /* Project object */;
}
